
Microsoft Visual Studio Solution File, Format Version 12.00
# Visual Studio Version 16
VisualStudioVersion = 16.0.30503.244
MinimumVisualStudioVersion = 10.0.40219.1
Project("{9A19103F-16F7-4668-BE54-9A1E7A4F7556}") = "Bookstore.Data", "Bookstore.Data\Bookstore.Data.csproj", "{8C376948-6729-4D54-8144-F7388EDFA3C5}"
EndProject
Project("{9A19103F-16F7-4668-BE54-9A1E7A4F7556}") = "Bookstore.Core", "Bookstore.Core\Bookstore.Core.csproj", "{E6585F8F-3534-4E4C-8E60-B576661097E0}"
EndProject
Project("{9A19103F-16F7-4668-BE54-9A1E7A4F7556}") = "Bookstore.Web", "Bookstore.Web\Bookstore.Web.csproj", "{D0746B66-5341-4C58-9C8A-2FD76B494DE9}"
EndProject
Project("{9A19103F-16F7-4668-BE54-9A1E7A4F7556}") = "Bookstore.Shared", "Bookstore.Shared\Bookstore.Shared.csproj", "{760BD193-C4A4-4246-80BC-2613D933B1CE}"
EndProject
Global
	GlobalSection(SolutionConfigurationPlatforms) = preSolution
		Debug|Any CPU = Debug|Any CPU
		Release|Any CPU = Release|Any CPU
	EndGlobalSection
	GlobalSection(ProjectConfigurationPlatforms) = postSolution
		{8C376948-6729-4D54-8144-F7388EDFA3C5}.Debug|Any CPU.ActiveCfg = Debug|Any CPU
		{8C376948-6729-4D54-8144-F7388EDFA3C5}.Debug|Any CPU.Build.0 = Debug|Any CPU
		{8C376948-6729-4D54-8144-F7388EDFA3C5}.Release|Any CPU.ActiveCfg = Release|Any CPU
		{8C376948-6729-4D54-8144-F7388EDFA3C5}.Release|Any CPU.Build.0 = Release|Any CPU
		{E6585F8F-3534-4E4C-8E60-B576661097E0}.Debug|Any CPU.ActiveCfg = Debug|Any CPU
		{E6585F8F-3534-4E4C-8E60-B576661097E0}.Debug|Any CPU.Build.0 = Debug|Any CPU
		{E6585F8F-3534-4E4C-8E60-B576661097E0}.Release|Any CPU.ActiveCfg = Release|Any CPU
		{E6585F8F-3534-4E4C-8E60-B576661097E0}.Release|Any CPU.Build.0 = Release|Any CPU
		{D0746B66-5341-4C58-9C8A-2FD76B494DE9}.Debug|Any CPU.ActiveCfg = Debug|Any CPU
		{D0746B66-5341-4C58-9C8A-2FD76B494DE9}.Debug|Any CPU.Build.0 = Debug|Any CPU
		{D0746B66-5341-4C58-9C8A-2FD76B494DE9}.Release|Any CPU.ActiveCfg = Release|Any CPU
		{D0746B66-5341-4C58-9C8A-2FD76B494DE9}.Release|Any CPU.Build.0 = Release|Any CPU
		{760BD193-C4A4-4246-80BC-2613D933B1CE}.Debug|Any CPU.ActiveCfg = Debug|Any CPU
		{760BD193-C4A4-4246-80BC-2613D933B1CE}.Debug|Any CPU.Build.0 = Debug|Any CPU
		{760BD193-C4A4-4246-80BC-2613D933B1CE}.Release|Any CPU.ActiveCfg = Release|Any CPU
		{760BD193-C4A4-4246-80BC-2613D933B1CE}.Release|Any CPU.Build.0 = Release|Any CPU
	EndGlobalSection
	GlobalSection(SolutionProperties) = preSolution
		HideSolutionNode = FALSE
	EndGlobalSection
	GlobalSection(ExtensibilityGlobals) = postSolution
		SolutionGuid = {DF33F749-DE19-4243-8964-BB6951E5BF69}
	EndGlobalSection
EndGlobal
